
Microsoft Visual Studio Solution File, Format Version 12.00
# Visual Studio Version 16
VisualStudioVersion = 16.0.30717.126
MinimumVisualStudioVersion = 10.0.40219.1
Project("{9A19103F-16F7-4668-BE54-9A1E7A4F7556}") = "Cudotosi", "Cudotosi.csproj", "{5BC62823-5085-4108-96F3-E5FC27317AF6}"
EndProject
Project("{9A19103F-16F7-4668-BE54-9A1E7A4F7556}") = "Cudotosi.Test", "Test\Cudotosi.Test.csproj", "{4279EAC8-1241-4231-ABFA-BF5BC31B7CA6}"
EndProject
Project("{FAE04EC0-301F-11D3-BF4B-00C04F79EFBC}") = "Cudotosi.Integration.Test", "Integration\Test\Cudotosi.Integration.Test.csproj", "{4BC5D71B-AC9E-4638-92D0-7805B06FB522}"
EndProject
Global
	GlobalSection(SolutionConfigurationPlatforms) = preSolution
		Debug|Any CPU = Debug|Any CPU
		Release|Any CPU = Release|Any CPU
	EndGlobalSection
	GlobalSection(ProjectConfigurationPlatforms) = postSolution
		{5BC62823-5085-4108-96F3-E5FC27317AF6}.Debug|Any CPU.ActiveCfg = Debug|Any CPU
		{5BC62823-5085-4108-96F3-E5FC27317AF6}.Debug|Any CPU.Build.0 = Debug|Any CPU
		{5BC62823-5085-4108-96F3-E5FC27317AF6}.Release|Any CPU.ActiveCfg = Release|Any CPU
		{5BC62823-5085-4108-96F3-E5FC27317AF6}.Release|Any CPU.Build.0 = Release|Any CPU
		{4279EAC8-1241-4231-ABFA-BF5BC31B7CA6}.Debug|Any CPU.ActiveCfg = Debug|Any CPU
		{4279EAC8-1241-4231-ABFA-BF5BC31B7CA6}.Debug|Any CPU.Build.0 = Debug|Any CPU
		{4279EAC8-1241-4231-ABFA-BF5BC31B7CA6}.Release|Any CPU.ActiveCfg = Release|Any CPU
		{4279EAC8-1241-4231-ABFA-BF5BC31B7CA6}.Release|Any CPU.Build.0 = Release|Any CPU
		{4BC5D71B-AC9E-4638-92D0-7805B06FB522}.Debug|Any CPU.ActiveCfg = Debug|Any CPU
		{4BC5D71B-AC9E-4638-92D0-7805B06FB522}.Debug|Any CPU.Build.0 = Debug|Any CPU
		{4BC5D71B-AC9E-4638-92D0-7805B06FB522}.Release|Any CPU.ActiveCfg = Release|Any CPU
		{4BC5D71B-AC9E-4638-92D0-7805B06FB522}.Release|Any CPU.Build.0 = Release|Any CPU
	EndGlobalSection
	GlobalSection(SolutionProperties) = preSolution
		HideSolutionNode = FALSE
	EndGlobalSection
	GlobalSection(ExtensibilityGlobals) = postSolution
		SolutionGuid = {87347881-55C4-4810-B921-617348BADE30}
	EndGlobalSection
EndGlobal
